
Microsoft Visual Studio Solution File, Format Version 12.00
# Visual Studio Version 17
VisualStudioVersion = 17.6.33815.320
MinimumVisualStudioVersion = 10.0.40219.1
Project("{FAE04EC0-301F-11D3-BF4B-00C04F79EFBC}") = "CurrencyConverter", "CurrencyConverter.csproj", "{0CE24968-A1B3-4027-910A-940C45499694}"
EndProject
Global
	GlobalSection(SolutionConfigurationPlatforms) = preSolution
		Debug|Any CPU = Debug|Any CPU
		Release|Any CPU = Release|Any CPU
	EndGlobalSection
	GlobalSection(ProjectConfigurationPlatforms) = postSolution
		{0CE24968-A1B3-4027-910A-940C45499694}.Debug|Any CPU.ActiveCfg = Debug|Any CPU
		{0CE24968-A1B3-4027-910A-940C45499694}.Debug|Any CPU.Build.0 = Debug|Any CPU
		{0CE24968-A1B3-4027-910A-940C45499694}.Release|Any CPU.ActiveCfg = Release|Any CPU
		{0CE24968-A1B3-4027-910A-940C45499694}.Release|Any CPU.Build.0 = Release|Any CPU
	EndGlobalSection
	GlobalSection(SolutionProperties) = preSolution
		HideSolutionNode = FALSE
	EndGlobalSection
	GlobalSection(ExtensibilityGlobals) = postSolution
		SolutionGuid = {8796FF19-3871-4F71-8E4F-7560CFB6CE8D}
	EndGlobalSection
EndGlobal
